
Microsoft Visual Studio Solution File, Format Version 12.00
# Visual Studio Version 17
VisualStudioVersion = 17.5.002.0
MinimumVisualStudioVersion = 10.0.40219.1
Project("{9A19103F-16F7-4668-BE54-9A1E7A4F7556}") = "SmartHoustSystemControl", "SmartHoustSystemControl.csproj", "{26968FEC-E55D-4956-B497-94CD63F25034}"
EndProject
Global
	GlobalSection(SolutionConfigurationPlatforms) = preSolution
		Debug|Any CPU = Debug|Any CPU
		Release|Any CPU = Release|Any CPU
	EndGlobalSection
	GlobalSection(ProjectConfigurationPlatforms) = postSolution
		{26968FEC-E55D-4956-B497-94CD63F25034}.Debug|Any CPU.ActiveCfg = Debug|Any CPU
		{26968FEC-E55D-4956-B497-94CD63F25034}.Debug|Any CPU.Build.0 = Debug|Any CPU
		{26968FEC-E55D-4956-B497-94CD63F25034}.Release|Any CPU.ActiveCfg = Release|Any CPU
		{26968FEC-E55D-4956-B497-94CD63F25034}.Release|Any CPU.Build.0 = Release|Any CPU
	EndGlobalSection
	GlobalSection(SolutionProperties) = preSolution
		HideSolutionNode = FALSE
	EndGlobalSection
	GlobalSection(ExtensibilityGlobals) = postSolution
		SolutionGuid = {FADFF3FA-DDB2-4A56-9C5A-171FB644F612}
	EndGlobalSection
EndGlobal
